
Microsoft Visual Studio Solution File, Format Version 12.00
# Visual Studio Version 16
VisualStudioVersion = 16.0.29326.143
MinimumVisualStudioVersion = 10.0.40219.1
Project("{2150E333-8FDC-42A3-9474-1A3956D46DE8}") = "Tests", "Tests", "{B4BA6E96-E7FB-4D5F-9092-E44BB230C19D}"
EndProject
Project("{FAE04EC0-301F-11D3-BF4B-00C04F79EFBC}") = "WpfApp1", "Tests\WpfApp1\WpfApp1.csproj", "{F6583D3C-4664-4585-8C0D-AE2C6A6A7A1A}"
EndProject
Project("{9A19103F-16F7-4668-BE54-9A1E7A4F7556}") = "WpfApp2", "Tests\WpfApp2\WpfApp2.csproj", "{AF7C0D8B-96B3-489B-ADE0-21491512EC17}"
EndProject
Project("{9A19103F-16F7-4668-BE54-9A1E7A4F7556}") = "WpfControlLibrary1", "Tests\WpfControlLibrary1\WpfControlLibrary1.csproj", "{7D967BB7-9333-4010-B15B-664E8569FFF8}"
EndProject
Project("{9A19103F-16F7-4668-BE54-9A1E7A4F7556}") = "WpfCustomControlLibrary1", "Tests\WpfCustomControlLibrary1\WpfCustomControlLibrary1.csproj", "{74DA5290-6752-4D57-96DB-78D15E6032E4}"
EndProject
Project("{9A19103F-16F7-4668-BE54-9A1E7A4F7556}") = "WpfLibrary1", "Tests\WpfLibrary1\WpfLibrary1.csproj", "{A2D3D2A1-E39E-4C25-9D81-F37DE8B1102C}"
EndProject
Project("{9A19103F-16F7-4668-BE54-9A1E7A4F7556}") = "SharpGLTests", "Tests\SharpGLTests\SharpGLTests.csproj", "{4D402BF9-0DCA-492A-B3E6-CD778BF8D4D4}"
EndProject
Project("{FAE04EC0-301F-11D3-BF4B-00C04F79EFBC}") = "TeapotSample", "Tests\TeapotSample\TeapotSample.csproj", "{EC159669-6A37-410A-806D-AA05365FA3F3}"
EndProject
Project("{9A19103F-16F7-4668-BE54-9A1E7A4F7556}") = "OpenTKTests", "Tests\OpenTKTests\OpenTKTests.csproj", "{F53164E2-4BA1-4D23-B771-7256D014CB2D}"
EndProject
Project("{9A19103F-16F7-4668-BE54-9A1E7A4F7556}") = "MvvmDockingTests", "tests\MvvmDockingTests\MvvmDockingTests.csproj", "{E4EE886B-F987-48F9-9C39-14148DF904DA}"
EndProject
Project("{FAE04EC0-301F-11D3-BF4B-00C04F79EFBC}") = "MvvmlightTests", "tests\MvvmlightTests\MvvmlightTests.csproj", "{EBEED555-A9B3-4F36-BC3D-15ECC0E02A24}"
EndProject
Project("{9A19103F-16F7-4668-BE54-9A1E7A4F7556}") = "ScanPlayerWpf", "ScanPlayerWpf\ScanPlayerWpf.csproj", "{9CAA7AE3-BA74-444C-85FA-1209B2FED6EC}"
EndProject
Project("{9A19103F-16F7-4668-BE54-9A1E7A4F7556}") = "Net5WpfApp", "Tests\Net5WpfApp\Net5WpfApp.csproj", "{120F51A3-4DF4-4820-8EC7-E4CB9EED9CE5}"
EndProject
Global
	GlobalSection(SolutionConfigurationPlatforms) = preSolution
		Debug|Any CPU = Debug|Any CPU
		Debug|x86 = Debug|x86
		Release|Any CPU = Release|Any CPU
		Release|x86 = Release|x86
	EndGlobalSection
	GlobalSection(ProjectConfigurationPlatforms) = postSolution
		{F6583D3C-4664-4585-8C0D-AE2C6A6A7A1A}.Debug|Any CPU.ActiveCfg = Debug|Any CPU
		{F6583D3C-4664-4585-8C0D-AE2C6A6A7A1A}.Debug|Any CPU.Build.0 = Debug|Any CPU
		{F6583D3C-4664-4585-8C0D-AE2C6A6A7A1A}.Debug|x86.ActiveCfg = Debug|Any CPU
		{F6583D3C-4664-4585-8C0D-AE2C6A6A7A1A}.Debug|x86.Build.0 = Debug|Any CPU
		{F6583D3C-4664-4585-8C0D-AE2C6A6A7A1A}.Release|Any CPU.ActiveCfg = Release|Any CPU
		{F6583D3C-4664-4585-8C0D-AE2C6A6A7A1A}.Release|Any CPU.Build.0 = Release|Any CPU
		{F6583D3C-4664-4585-8C0D-AE2C6A6A7A1A}.Release|x86.ActiveCfg = Release|Any CPU
		{F6583D3C-4664-4585-8C0D-AE2C6A6A7A1A}.Release|x86.Build.0 = Release|Any CPU
		{AF7C0D8B-96B3-489B-ADE0-21491512EC17}.Debug|Any CPU.ActiveCfg = Debug|Any CPU
		{AF7C0D8B-96B3-489B-ADE0-21491512EC17}.Debug|Any CPU.Build.0 = Debug|Any CPU
		{AF7C0D8B-96B3-489B-ADE0-21491512EC17}.Debug|x86.ActiveCfg = Debug|Any CPU
		{AF7C0D8B-96B3-489B-ADE0-21491512EC17}.Debug|x86.Build.0 = Debug|Any CPU
		{AF7C0D8B-96B3-489B-ADE0-21491512EC17}.Release|Any CPU.ActiveCfg = Release|Any CPU
		{AF7C0D8B-96B3-489B-ADE0-21491512EC17}.Release|Any CPU.Build.0 = Release|Any CPU
		{AF7C0D8B-96B3-489B-ADE0-21491512EC17}.Release|x86.ActiveCfg = Release|Any CPU
		{AF7C0D8B-96B3-489B-ADE0-21491512EC17}.Release|x86.Build.0 = Release|Any CPU
		{7D967BB7-9333-4010-B15B-664E8569FFF8}.Debug|Any CPU.ActiveCfg = Debug|Any CPU
		{7D967BB7-9333-4010-B15B-664E8569FFF8}.Debug|Any CPU.Build.0 = Debug|Any CPU
		{7D967BB7-9333-4010-B15B-664E8569FFF8}.Debug|x86.ActiveCfg = Debug|Any CPU
		{7D967BB7-9333-4010-B15B-664E8569FFF8}.Debug|x86.Build.0 = Debug|Any CPU
		{7D967BB7-9333-4010-B15B-664E8569FFF8}.Release|Any CPU.ActiveCfg = Release|Any CPU
		{7D967BB7-9333-4010-B15B-664E8569FFF8}.Release|Any CPU.Build.0 = Release|Any CPU
		{7D967BB7-9333-4010-B15B-664E8569FFF8}.Release|x86.ActiveCfg = Release|Any CPU
		{7D967BB7-9333-4010-B15B-664E8569FFF8}.Release|x86.Build.0 = Release|Any CPU
		{74DA5290-6752-4D57-96DB-78D15E6032E4}.Debug|Any CPU.ActiveCfg = Debug|Any CPU
		{74DA5290-6752-4D57-96DB-78D15E6032E4}.Debug|Any CPU.Build.0 = Debug|Any CPU
		{74DA5290-6752-4D57-96DB-78D15E6032E4}.Debug|x86.ActiveCfg = Debug|Any CPU
		{74DA5290-6752-4D57-96DB-78D15E6032E4}.Debug|x86.Build.0 = Debug|Any CPU
		{74DA5290-6752-4D57-96DB-78D15E6032E4}.Release|Any CPU.ActiveCfg = Release|Any CPU
		{74DA5290-6752-4D57-96DB-78D15E6032E4}.Release|Any CPU.Build.0 = Release|Any CPU
		{74DA5290-6752-4D57-96DB-78D15E6032E4}.Release|x86.ActiveCfg = Release|Any CPU
		{74DA5290-6752-4D57-96DB-78D15E6032E4}.Release|x86.Build.0 = Release|Any CPU
		{A2D3D2A1-E39E-4C25-9D81-F37DE8B1102C}.Debug|Any CPU.ActiveCfg = Debug|Any CPU
		{A2D3D2A1-E39E-4C25-9D81-F37DE8B1102C}.Debug|Any CPU.Build.0 = Debug|Any CPU
		{A2D3D2A1-E39E-4C25-9D81-F37DE8B1102C}.Debug|x86.ActiveCfg = Debug|Any CPU
		{A2D3D2A1-E39E-4C25-9D81-F37DE8B1102C}.Debug|x86.Build.0 = Debug|Any CPU
		{A2D3D2A1-E39E-4C25-9D81-F37DE8B1102C}.Release|Any CPU.ActiveCfg = Release|Any CPU
		{A2D3D2A1-E39E-4C25-9D81-F37DE8B1102C}.Release|Any CPU.Build.0 = Release|Any CPU
		{A2D3D2A1-E39E-4C25-9D81-F37DE8B1102C}.Release|x86.ActiveCfg = Release|Any CPU
		{A2D3D2A1-E39E-4C25-9D81-F37DE8B1102C}.Release|x86.Build.0 = Release|Any CPU
		{4D402BF9-0DCA-492A-B3E6-CD778BF8D4D4}.Debug|Any CPU.ActiveCfg = Debug|Any CPU
		{4D402BF9-0DCA-492A-B3E6-CD778BF8D4D4}.Debug|Any CPU.Build.0 = Debug|Any CPU
		{4D402BF9-0DCA-492A-B3E6-CD778BF8D4D4}.Debug|x86.ActiveCfg = Debug|Any CPU
		{4D402BF9-0DCA-492A-B3E6-CD778BF8D4D4}.Debug|x86.Build.0 = Debug|Any CPU
		{4D402BF9-0DCA-492A-B3E6-CD778BF8D4D4}.Release|Any CPU.ActiveCfg = Release|Any CPU
		{4D402BF9-0DCA-492A-B3E6-CD778BF8D4D4}.Release|Any CPU.Build.0 = Release|Any CPU
		{4D402BF9-0DCA-492A-B3E6-CD778BF8D4D4}.Release|x86.ActiveCfg = Release|Any CPU
		{4D402BF9-0DCA-492A-B3E6-CD778BF8D4D4}.Release|x86.Build.0 = Release|Any CPU
		{EC159669-6A37-410A-806D-AA05365FA3F3}.Debug|Any CPU.ActiveCfg = Debug|x86
		{EC159669-6A37-410A-806D-AA05365FA3F3}.Debug|x86.ActiveCfg = Debug|x86
		{EC159669-6A37-410A-806D-AA05365FA3F3}.Debug|x86.Build.0 = Debug|x86
		{EC159669-6A37-410A-806D-AA05365FA3F3}.Release|Any CPU.ActiveCfg = Release|x86
		{EC159669-6A37-410A-806D-AA05365FA3F3}.Release|x86.ActiveCfg = Release|x86
		{EC159669-6A37-410A-806D-AA05365FA3F3}.Release|x86.Build.0 = Release|x86
		{F53164E2-4BA1-4D23-B771-7256D014CB2D}.Debug|Any CPU.ActiveCfg = Debug|Any CPU
		{F53164E2-4BA1-4D23-B771-7256D014CB2D}.Debug|Any CPU.Build.0 = Debug|Any CPU
		{F53164E2-4BA1-4D23-B771-7256D014CB2D}.Debug|x86.ActiveCfg = Debug|Any CPU
		{F53164E2-4BA1-4D23-B771-7256D014CB2D}.Debug|x86.Build.0 = Debug|Any CPU
		{F53164E2-4BA1-4D23-B771-7256D014CB2D}.Release|Any CPU.ActiveCfg = Release|Any CPU
		{F53164E2-4BA1-4D23-B771-7256D014CB2D}.Release|Any CPU.Build.0 = Release|Any CPU
		{F53164E2-4BA1-4D23-B771-7256D014CB2D}.Release|x86.ActiveCfg = Release|Any CPU
		{F53164E2-4BA1-4D23-B771-7256D014CB2D}.Release|x86.Build.0 = Release|Any CPU
		{E4EE886B-F987-48F9-9C39-14148DF904DA}.Debug|Any CPU.ActiveCfg = Debug|Any CPU
		{E4EE886B-F987-48F9-9C39-14148DF904DA}.Debug|Any CPU.Build.0 = Debug|Any CPU
		{E4EE886B-F987-48F9-9C39-14148DF904DA}.Debug|x86.ActiveCfg = Debug|Any CPU
		{E4EE886B-F987-48F9-9C39-14148DF904DA}.Debug|x86.Build.0 = Debug|Any CPU
		{E4EE886B-F987-48F9-9C39-14148DF904DA}.Release|Any CPU.ActiveCfg = Release|Any CPU
		{E4EE886B-F987-48F9-9C39-14148DF904DA}.Release|Any CPU.Build.0 = Release|Any CPU
		{E4EE886B-F987-48F9-9C39-14148DF904DA}.Release|x86.ActiveCfg = Release|Any CPU
		{E4EE886B-F987-48F9-9C39-14148DF904DA}.Release|x86.Build.0 = Release|Any CPU
		{EBEED555-A9B3-4F36-BC3D-15ECC0E02A24}.Debug|Any CPU.ActiveCfg = Debug|Any CPU
		{EBEED555-A9B3-4F36-BC3D-15ECC0E02A24}.Debug|Any CPU.Build.0 = Debug|Any CPU
		{EBEED555-A9B3-4F36-BC3D-15ECC0E02A24}.Debug|x86.ActiveCfg = Debug|Any CPU
		{EBEED555-A9B3-4F36-BC3D-15ECC0E02A24}.Debug|x86.Build.0 = Debug|Any CPU
		{EBEED555-A9B3-4F36-BC3D-15ECC0E02A24}.Release|Any CPU.ActiveCfg = Release|Any CPU
		{EBEED555-A9B3-4F36-BC3D-15ECC0E02A24}.Release|Any CPU.Build.0 = Release|Any CPU
		{EBEED555-A9B3-4F36-BC3D-15ECC0E02A24}.Release|x86.ActiveCfg = Release|Any CPU
		{EBEED555-A9B3-4F36-BC3D-15ECC0E02A24}.Release|x86.Build.0 = Release|Any CPU
		{9CAA7AE3-BA74-444C-85FA-1209B2FED6EC}.Debug|Any CPU.ActiveCfg = Debug|Any CPU
		{9CAA7AE3-BA74-444C-85FA-1209B2FED6EC}.Debug|Any CPU.Build.0 = Debug|Any CPU
		{9CAA7AE3-BA74-444C-85FA-1209B2FED6EC}.Debug|x86.ActiveCfg = Debug|Any CPU
		{9CAA7AE3-BA74-444C-85FA-1209B2FED6EC}.Debug|x86.Build.0 = Debug|Any CPU
		{9CAA7AE3-BA74-444C-85FA-1209B2FED6EC}.Release|Any CPU.ActiveCfg = Release|Any CPU
		{9CAA7AE3-BA74-444C-85FA-1209B2FED6EC}.Release|Any CPU.Build.0 = Release|Any CPU
		{9CAA7AE3-BA74-444C-85FA-1209B2FED6EC}.Release|x86.ActiveCfg = Release|Any CPU
		{9CAA7AE3-BA74-444C-85FA-1209B2FED6EC}.Release|x86.Build.0 = Release|Any CPU
		{120F51A3-4DF4-4820-8EC7-E4CB9EED9CE5}.Debug|Any CPU.ActiveCfg = Debug|Any CPU
		{120F51A3-4DF4-4820-8EC7-E4CB9EED9CE5}.Debug|Any CPU.Build.0 = Debug|Any CPU
		{120F51A3-4DF4-4820-8EC7-E4CB9EED9CE5}.Debug|x86.ActiveCfg = Debug|Any CPU
		{120F51A3-4DF4-4820-8EC7-E4CB9EED9CE5}.Debug|x86.Build.0 = Debug|Any CPU
		{120F51A3-4DF4-4820-8EC7-E4CB9EED9CE5}.Release|Any CPU.ActiveCfg = Release|Any CPU
		{120F51A3-4DF4-4820-8EC7-E4CB9EED9CE5}.Release|Any CPU.Build.0 = Release|Any CPU
		{120F51A3-4DF4-4820-8EC7-E4CB9EED9CE5}.Release|x86.ActiveCfg = Release|Any CPU
		{120F51A3-4DF4-4820-8EC7-E4CB9EED9CE5}.Release|x86.Build.0 = Release|Any CPU
	EndGlobalSection
	GlobalSection(SolutionProperties) = preSolution
		HideSolutionNode = FALSE
	EndGlobalSection
	GlobalSection(NestedProjects) = preSolution
		{F6583D3C-4664-4585-8C0D-AE2C6A6A7A1A} = {B4BA6E96-E7FB-4D5F-9092-E44BB230C19D}
		{AF7C0D8B-96B3-489B-ADE0-21491512EC17} = {B4BA6E96-E7FB-4D5F-9092-E44BB230C19D}
		{7D967BB7-9333-4010-B15B-664E8569FFF8} = {B4BA6E96-E7FB-4D5F-9092-E44BB230C19D}
		{74DA5290-6752-4D57-96DB-78D15E6032E4} = {B4BA6E96-E7FB-4D5F-9092-E44BB230C19D}
		{A2D3D2A1-E39E-4C25-9D81-F37DE8B1102C} = {B4BA6E96-E7FB-4D5F-9092-E44BB230C19D}
		{4D402BF9-0DCA-492A-B3E6-CD778BF8D4D4} = {B4BA6E96-E7FB-4D5F-9092-E44BB230C19D}
		{EC159669-6A37-410A-806D-AA05365FA3F3} = {B4BA6E96-E7FB-4D5F-9092-E44BB230C19D}
		{F53164E2-4BA1-4D23-B771-7256D014CB2D} = {B4BA6E96-E7FB-4D5F-9092-E44BB230C19D}
		{E4EE886B-F987-48F9-9C39-14148DF904DA} = {B4BA6E96-E7FB-4D5F-9092-E44BB230C19D}
		{EBEED555-A9B3-4F36-BC3D-15ECC0E02A24} = {B4BA6E96-E7FB-4D5F-9092-E44BB230C19D}
		{120F51A3-4DF4-4820-8EC7-E4CB9EED9CE5} = {B4BA6E96-E7FB-4D5F-9092-E44BB230C19D}
	EndGlobalSection
	GlobalSection(ExtensibilityGlobals) = postSolution
		SolutionGuid = {28EFB905-3B8E-4A71-9FDB-DFFC43B2625E}
	EndGlobalSection
EndGlobal
